
Microsoft Visual Studio Solution File, Format Version 12.00
# Visual Studio 15
VisualStudioVersion = 15.0.27004.2005
MinimumVisualStudioVersion = 10.0.40219.1
Project("{FAE04EC0-301F-11D3-BF4B-00C04F79EFBC}") = "RailFenceWPF", "RailFenceWPF\RailFenceWPF.csproj", "{683E2F2B-55E9-4344-893E-103D072EADD9}"
EndProject
Global
	GlobalSection(SolutionConfigurationPlatforms) = preSolution
		Debug|Any CPU = Debug|Any CPU
		Release|Any CPU = Release|Any CPU
	EndGlobalSection
	GlobalSection(ProjectConfigurationPlatforms) = postSolution
		{683E2F2B-55E9-4344-893E-103D072EADD9}.Debug|Any CPU.ActiveCfg = Debug|Any CPU
		{683E2F2B-55E9-4344-893E-103D072EADD9}.Debug|Any CPU.Build.0 = Debug|Any CPU
		{683E2F2B-55E9-4344-893E-103D072EADD9}.Release|Any CPU.ActiveCfg = Release|Any CPU
		{683E2F2B-55E9-4344-893E-103D072EADD9}.Release|Any CPU.Build.0 = Release|Any CPU
	EndGlobalSection
	GlobalSection(SolutionProperties) = preSolution
		HideSolutionNode = FALSE
	EndGlobalSection
	GlobalSection(ExtensibilityGlobals) = postSolution
		SolutionGuid = {65265BA6-F9BF-4E3A-945D-8049404A1AE7}
	EndGlobalSection
EndGlobal
